// !$*UTF8*$!
{
	archiveVersion = 1;
	classes = {
	};
	objectVersion = 46;
	objects = {

/* Begin PBXBuildFile section */
		8E40731D1985D52600A5FEFE /* Foundation.framework in Frameworks */ = {isa = PBXBuildFile; fileRef = 8E40731C1985D52600A5FEFE /* Foundation.framework */; };
		8E40731F1985D52600A5FEFE /* CoreGraphics.framework in Frameworks */ = {isa = PBXBuildFile; fileRef = 8E40731E1985D52600A5FEFE /* CoreGraphics.framework */; };
		8E4073211985D52600A5FEFE /* UIKit.framework in Frameworks */ = {isa = PBXBuildFile; fileRef = 8E4073201985D52600A5FEFE /* UIKit.framework */; };
		8E4073271985D52600A5FEFE /* InfoPlist.strings in Resources */ = {isa = PBXBuildFile; fileRef = 8E4073251985D52600A5FEFE /* InfoPlist.strings */; };
		8E4073291985D52600A5FEFE /* main.m in Sources */ = {isa = PBXBuildFile; fileRef = 8E4073281985D52600A5FEFE /* main.m */; };
		8E40732D1985D52600A5FEFE /* AppDelegate.m in Sources */ = {isa = PBXBuildFile; fileRef = 8E40732C1985D52600A5FEFE /* AppDelegate.m */; };
		8E4073301985D52600A5FEFE /* Main.storyboard in Resources */ = {isa = PBXBuildFile; fileRef = 8E40732E1985D52600A5FEFE /* Main.storyboard */; };
		8E4073331985D52600A5FEFE /* ViewController.m in Sources */ = {isa = PBXBuildFile; fileRef = 8E4073321985D52600A5FEFE /* ViewController.m */; };
		8E4073351985D52600A5FEFE /* Images.xcassets in Resources */ = {isa = PBXBuildFile; fileRef = 8E4073341985D52600A5FEFE /* Images.xcassets */; };
		8E40733C1985D52600A5FEFE /* XCTest.framework in Frameworks */ = {isa = PBXBuildFile; fileRef = 8E40733B1985D52600A5FEFE /* XCTest.framework */; };
		8E40733D1985D52600A5FEFE /* Foundation.framework in Frameworks */ = {isa = PBXBuildFile; fileRef = 8E40731C1985D52600A5FEFE /* Foundation.framework */; };
		8E40733E1985D52600A5FEFE /* UIKit.framework in Frameworks */ = {isa = PBXBuildFile; fileRef = 8E4073201985D52600A5FEFE /* UIKit.framework */; };
		8E4073461985D52600A5FEFE /* InfoPlist.strings in Resources */ = {isa = PBXBuildFile; fileRef = 8E4073441985D52600A5FEFE /* InfoPlist.strings */; };
		8E4073481985D52600A5FEFE /* SeguesProductTests.m in Sources */ = {isa = PBXBuildFile; fileRef = 8E4073471985D52600A5FEFE /* SeguesProductTests.m */; };
/* End PBXBuildFile section */

/* Begin PBXContainerItemProxy section */
		8E40733F1985D52600A5FEFE /* PBXContainerItemProxy */ = {
			isa = PBXContainerItemProxy;
			containerPortal = 8E4073111985D52500A5FEFE /* Project object */;
			proxyType = 1;
			remoteGlobalIDString = 8E4073181985D52600A5FEFE;
			remoteInfo = SeguesProduct;
		};
/* End PBXContainerItemProxy section */

/* Begin PBXFileReference section */
		8E4073191985D52600A5FEFE /* SeguesProduct.app */ = {isa = PBXFileReference; explicitFileType = wrapper.application; includeInIndex = 0; path = SeguesProduct.app; sourceTree = BUILT_PRODUCTS_DIR; };
		8E40731C1985D52600A5FEFE /* Foundation.framework */ = {isa = PBXFileReference; lastKnownFileType = wrapper.framework; name = Foundation.framework; path = System/Library/Frameworks/Foundation.framework; sourceTree = SDKROOT; };
		8E40731E1985D52600A5FEFE /* CoreGraphics.framework */ = {isa = PBXFileReference; lastKnownFileType = wrapper.framework; name = CoreGraphics.framework; path = System/Library/Frameworks/CoreGraphics.framework; sourceTree = SDKROOT; };
		8E4073201985D52600A5FEFE /* UIKit.framework */ = {isa = PBXFileReference; lastKnownFileType = wrapper.framework; name = UIKit.framework; path = System/Library/Frameworks/UIKit.framework; sourceTree = SDKROOT; };
		8E4073241985D52600A5FEFE /* SeguesProduct-Info.plist */ = {isa = PBXFileReference; lastKnownFileType = text.plist.xml; path = "SeguesProduct-Info.plist"; sourceTree = "<group>"; };
		8E4073261985D52600A5FEFE /* en */ = {isa = PBXFileReference; lastKnownFileType = text.plist.strings; name = en; path = en.lproj/InfoPlist.strings; sourceTree = "<group>"; };
		8E4073281985D52600A5FEFE /* main.m */ = {isa = PBXFileReference; lastKnownFileType = sourcecode.c.objc; path = main.m; sourceTree = "<group>"; };
		8E40732A1985D52600A5FEFE /* SeguesProduct-Prefix.pch */ = {isa = PBXFileReference; lastKnownFileType = sourcecode.c.h; path = "SeguesProduct-Prefix.pch"; sourceTree = "<group>"; };
		8E40732B1985D52600A5FEFE /* AppDelegate.h */ = {isa = PBXFileReference; lastKnownFileType = sourcecode.c.h; path = AppDelegate.h; sourceTree = "<group>"; };
		8E40732C1985D52600A5FEFE /* AppDelegate.m */ = {isa = PBXFileReference; lastKnownFileType = sourcecode.c.objc; path = AppDelegate.m; sourceTree = "<group>"; };
		8E40732F1985D52600A5FEFE /* Base */ = {isa = PBXFileReference; lastKnownFileType = file.storyboard; name = Base; path = Base.lproj/Main.storyboard; sourceTree = "<group>"; };
		8E4073311985D52600A5FEFE /* ViewController.h */ = {isa = PBXFileReference; lastKnownFileType = sourcecode.c.h; path = ViewController.h; sourceTree = "<group>"; };
		8E4073321985D52600A5FEFE /* ViewController.m */ = {isa = PBXFileReference; lastKnownFileType = sourcecode.c.objc; path = ViewController.m; sourceTree = "<group>"; };
		8E4073341985D52600A5FEFE /* Images.xcassets */ = {isa = PBXFileReference; lastKnownFileType = folder.assetcatalog; path = Images.xcassets; sourceTree = "<group>"; };
		8E40733A1985D52600A5FEFE /* SeguesProductTests.xctest */ = {isa = PBXFileReference; explicitFileType = wrapper.cfbundle; includeInIndex = 0; path = SeguesProductTests.xctest; sourceTree = BUILT_PRODUCTS_DIR; };
		8E40733B1985D52600A5FEFE /* XCTest.framework */ = {isa = PBXFileReference; lastKnownFileType = wrapper.framework; name = XCTest.framework; path = Library/Frameworks/XCTest.framework; sourceTree = DEVELOPER_DIR; };
		8E4073431985D52600A5FEFE /* SeguesProductTests-Info.plist */ = {isa = PBXFileReference; lastKnownFileType = text.plist.xml; path = "SeguesProductTests-Info.plist"; sourceTree = "<group>"; };
		8E4073451985D52600A5FEFE /* en */ = {isa = PBXFileReference; lastKnownFileType = text.plist.strings; name = en; path = en.lproj/InfoPlist.strings; sourceTree = "<group>"; };
		8E4073471985D52600A5FEFE /* SeguesProductTests.m */ = {isa = PBXFileReference; lastKnownFileType = sourcecode.c.objc; path = SeguesProductTests.m; sourceTree = "<group>"; };
/* End PBXFileReference section */

/* Begin PBXFrameworksBuildPhase section */
		8E4073161985D52600A5FEFE /* Frameworks */ = {
			isa = PBXFrameworksBuildPhase;
			buildActionMask = 2147483647;
			files = (
				8E40731F1985D52600A5FEFE /* CoreGraphics.framework in Frameworks */,
				8E4073211985D52600A5FEFE /* UIKit.framework in Frameworks */,
				8E40731D1985D52600A5FEFE /* Foundation.framework in Frameworks */,
			);
			runOnlyForDeploymentPostprocessing = 0;
		};
		8E4073371985D52600A5FEFE /* Frameworks */ = {
			isa = PBXFrameworksBuildPhase;
			buildActionMask = 2147483647;
			files = (
				8E40733C1985D52600A5FEFE /* XCTest.framework in Frameworks */,
				8E40733E1985D52600A5FEFE /* UIKit.framework in Frameworks */,
				8E40733D1985D52600A5FEFE /* Foundation.framework in Frameworks */,
			);
			runOnlyForDeploymentPostprocessing = 0;
		};
/* End PBXFrameworksBuildPhase section */

/* Begin PBXGroup section */
		8E4073101985D52500A5FEFE = {
			isa = PBXGroup;
			children = (
				8E4073221985D52600A5FEFE /* SeguesProduct */,
				8E4073411985D52600A5FEFE /* SeguesProductTests */,
				8E40731B1985D52600A5FEFE /* Frameworks */,
				8E40731A1985D52600A5FEFE /* Products */,
			);
			sourceTree = "<group>";
		};
		8E40731A1985D52600A5FEFE /* Products */ = {
			isa = PBXGroup;
			children = (
				8E4073191985D52600A5FEFE /* SeguesProduct.app */,
				8E40733A1985D52600A5FEFE /* SeguesProductTests.xctest */,
			);
			name = Products;
			sourceTree = "<group>";
		};
		8E40731B1985D52600A5FEFE /* Frameworks */ = {
			isa = PBXGroup;
			children = (
				8E40731C1985D52600A5FEFE /* Foundation.framework */,
				8E40731E1985D52600A5FEFE /* CoreGraphics.framework */,
				8E4073201985D52600A5FEFE /* UIKit.framework */,
				8E40733B1985D52600A5FEFE /* XCTest.framework */,
			);
			name = Frameworks;
			sourceTree = "<group>";
		};
		8E4073221985D52600A5FEFE /* SeguesProduct */ = {
			isa = PBXGroup;
			children = (
				8E40732B1985D52600A5FEFE /* AppDelegate.h */,
				8E40732C1985D52600A5FEFE /* AppDelegate.m */,
				8E40732E1985D52600A5FEFE /* Main.storyboard */,
				8E4073311985D52600A5FEFE /* ViewController.h */,
				8E4073321985D52600A5FEFE /* ViewController.m */,
				8E4073341985D52600A5FEFE /* Images.xcassets */,
				8E4073231985D52600A5FEFE /* Supporting Files */,
			);
			path = SeguesProduct;
			sourceTree = "<group>";
		};
		8E4073231985D52600A5FEFE /* Supporting Files */ = {
			isa = PBXGroup;
			children = (
				8E4073241985D52600A5FEFE /* SeguesProduct-Info.plist */,
				8E4073251985D52600A5FEFE /* InfoPlist.strings */,
				8E4073281985D52600A5FEFE /* main.m */,
				8E40732A1985D52600A5FEFE /* SeguesProduct-Prefix.pch */,
			);
			name = "Supporting Files";
			sourceTree = "<group>";
		};
		8E4073411985D52600A5FEFE /* SeguesProductTests */ = {
			isa = PBXGroup;
			children = (
				8E4073471985D52600A5FEFE /* SeguesProductTests.m */,
				8E4073421985D52600A5FEFE /* Supporting Files */,
			);
			path = SeguesProductTests;
			sourceTree = "<group>";
		};
		8E4073421985D52600A5FEFE /* Supporting Files */ = {
			isa = PBXGroup;
			children = (
				8E4073431985D52600A5FEFE /* SeguesProductTests-Info.plist */,
				8E4073441985D52600A5FEFE /* InfoPlist.strings */,
			);
			name = "Supporting Files";
			sourceTree = "<group>";
		};
/* End PBXGroup section */

/* Begin PBXNativeTarget section */
		8E4073181985D52600A5FEFE /* SeguesProduct */ = {
			isa = PBXNativeTarget;
			buildConfigurationList = 8E40734B1985D52600A5FEFE /* Build configuration list for PBXNativeTarget "SeguesProduct" */;
			buildPhases = (
				8E4073151985D52600A5FEFE /* Sources */,
				8E4073161985D52600A5FEFE /* Frameworks */,
				8E4073171985D52600A5FEFE /* Resources */,
			);
			buildRules = (
			);
			dependencies = (
			);
			name = SeguesProduct;
			productName = SeguesProduct;
			productReference = 8E4073191985D52600A5FEFE /* SeguesProduct.app */;
			productType = "com.apple.product-type.application";
		};
		8E4073391985D52600A5FEFE /* SeguesProductTests */ = {
			isa = PBXNativeTarget;
			buildConfigurationList = 8E40734E1985D52600A5FEFE /* Build configuration list for PBXNativeTarget "SeguesProductTests" */;
			buildPhases = (
				8E4073361985D52600A5FEFE /* Sources */,
				8E4073371985D52600A5FEFE /* Frameworks */,
				8E4073381985D52600A5FEFE /* Resources */,
			);
			buildRules = (
			);
			dependencies = (
				8E4073401985D52600A5FEFE /* PBXTargetDependency */,
			);
			name = SeguesProductTests;
			productName = SeguesProductTests;
			productReference = 8E40733A1985D52600A5FEFE /* SeguesProductTests.xctest */;
			productType = "com.apple.product-type.bundle.unit-test";
		};
/* End PBXNativeTarget section */

/* Begin PBXProject section */
		8E4073111985D52500A5FEFE /* Project object */ = {
			isa = PBXProject;
			attributes = {
				LastUpgradeCheck = 0510;
				ORGANIZATIONNAME = dzs.com;
				TargetAttributes = {
					8E4073391985D52600A5FEFE = {
						TestTargetID = 8E4073181985D52600A5FEFE;
					};
				};
			};
			buildConfigurationList = 8E4073141985D52600A5FEFE /* Build configuration list for PBXProject "SeguesProduct" */;
			compatibilityVersion = "Xcode 3.2";
			developmentRegion = English;
			hasScannedForEncodings = 0;
			knownRegions = (
				en,
				Base,
			);
			mainGroup = 8E4073101985D52500A5FEFE;
			productRefGroup = 8E40731A1985D52600A5FEFE /* Products */;
			projectDirPath = "";
			projectRoot = "";
			targets = (
				8E4073181985D52600A5FEFE /* SeguesProduct */,
				8E4073391985D52600A5FEFE /* SeguesProductTests */,
			);
		};
/* End PBXProject section */

/* Begin PBXResourcesBuildPhase section */
		8E4073171985D52600A5FEFE /* Resources */ = {
			isa = PBXResourcesBuildPhase;
			buildActionMask = 2147483647;
			files = (
				8E4073351985D52600A5FEFE /* Images.xcassets in Resources */,
				8E4073271985D52600A5FEFE /* InfoPlist.strings in Resources */,
				8E4073301985D52600A5FEFE /* Main.storyboard in Resources */,
			);
			runOnlyForDeploymentPostprocessing = 0;
		};
		8E4073381985D52600A5FEFE /* Resources */ = {
			isa = PBXResourcesBuildPhase;
			buildActionMask = 2147483647;
			files = (
				8E4073461985D52600A5FEFE /* InfoPlist.strings in Resources */,
			);
			runOnlyForDeploymentPostprocessing = 0;
		};
/* End PBXResourcesBuildPhase section */

/* Begin PBXSourcesBuildPhase section */
		8E4073151985D52600A5FEFE /* Sources */ = {
			isa = PBXSourcesBuildPhase;
			buildActionMask = 2147483647;
			files = (
				8E4073331985D52600A5FEFE /* ViewController.m in Sources */,
				8E40732D1985D52600A5FEFE /* AppDelegate.m in Sources */,
				8E4073291985D52600A5FEFE /* main.m in Sources */,
			);
			runOnlyForDeploymentPostprocessing = 0;
		};
		8E4073361985D52600A5FEFE /* Sources */ = {
			isa = PBXSourcesBuildPhase;
			buildActionMask = 2147483647;
			files = (
				8E4073481985D52600A5FEFE /* SeguesProductTests.m in Sources */,
			);
			runOnlyForDeploymentPostprocessing = 0;
		};
/* End PBXSourcesBuildPhase section */

/* Begin PBXTargetDependency section */
		8E4073401985D52600A5FEFE /* PBXTargetDependency */ = {
			isa = PBXTargetDependency;
			target = 8E4073181985D52600A5FEFE /* SeguesProduct */;
			targetProxy = 8E40733F1985D52600A5FEFE /* PBXContainerItemProxy */;
		};
/* End PBXTargetDependency section */

/* Begin PBXVariantGroup section */
		8E4073251985D52600A5FEFE /* InfoPlist.strings */ = {
			isa = PBXVariantGroup;
			children = (
				8E4073261985D52600A5FEFE /* en */,
			);
			name = InfoPlist.strings;
			sourceTree = "<group>";
		};
		8E40732E1985D52600A5FEFE /* Main.storyboard */ = {
			isa = PBXVariantGroup;
			children = (
				8E40732F1985D52600A5FEFE /* Base */,
			);
			name = Main.storyboard;
			sourceTree = "<group>";
		};
		8E4073441985D52600A5FEFE /* InfoPlist.strings */ = {
			isa = PBXVariantGroup;
			children = (
				8E4073451985D52600A5FEFE /* en */,
			);
			name = InfoPlist.strings;
			sourceTree = "<group>";
		};
/* End PBXVariantGroup section */

/* Begin XCBuildConfiguration section */
		8E4073491985D52600A5FEFE /* Debug */ = {
			isa = XCBuildConfiguration;
			buildSettings = {
				ALWAYS_SEARCH_USER_PATHS = NO;
				CLANG_CXX_LANGUAGE_STANDARD = "gnu++0x";
				CLANG_CXX_LIBRARY = "libc++";
				CLANG_ENABLE_MODULES = YES;
				CLANG_ENABLE_OBJC_ARC = YES;
				CLANG_WARN_BOOL_CONVERSION = YES;
				CLANG_WARN_CONSTANT_CONVERSION = YES;
				CLANG_WARN_DIRECT_OBJC_ISA_USAGE = YES_ERROR;
				CLANG_WARN_EMPTY_BODY = YES;
				CLANG_WARN_ENUM_CONVERSION = YES;
				CLANG_WARN_INT_CONVERSION = YES;
				CLANG_WARN_OBJC_ROOT_CLASS = YES_ERROR;
				CLANG_WARN__DUPLICATE_METHOD_MATCH = YES;
				"CODE_SIGN_IDENTITY[sdk=iphoneos*]" = "iPhone Developer";
				COPY_PHASE_STRIP = NO;
				GCC_C_LANGUAGE_STANDARD = gnu99;
				GCC_DYNAMIC_NO_PIC = NO;
				GCC_OPTIMIZATION_LEVEL = 0;
				GCC_PREPROCESSOR_DEFINITIONS = (
					"DEBUG=1",
					"$(inherited)",
				);
				GCC_SYMBOLS_PRIVATE_EXTERN = NO;
				GCC_WARN_64_TO_32_BIT_CONVERSION = YES;
				GCC_WARN_ABOUT_RETURN_TYPE = YES_ERROR;
				GCC_WARN_UNDECLARED_SELECTOR = YES;
				GCC_WARN_UNINITIALIZED_AUTOS = YES_AGGRESSIVE;
				GCC_WARN_UNUSED_FUNCTION = YES;
				GCC_WARN_UNUSED_VARIABLE = YES;
				IPHONEOS_DEPLOYMENT_TARGET = 7.1;
				ONLY_ACTIVE_ARCH = YES;
				SDKROOT = iphoneos;
			};
			name = Debug;
		};
		8E40734A1985D52600A5FEFE /* Release */ = {
			isa = XCBuildConfiguration;
			buildSettings = {
				ALWAYS_SEARCH_USER_PATHS = NO;
				CLANG_CXX_LANGUAGE_STANDARD = "gnu++0x";
				CLANG_CXX_LIBRARY = "libc++";
				CLANG_ENABLE_MODULES = YES;
				CLANG_ENABLE_OBJC_ARC = YES;
				CLANG_WARN_BOOL_CONVERSION = YES;
				CLANG_WARN_CONSTANT_CONVERSION = YES;
				CLANG_WARN_DIRECT_OBJC_ISA_USAGE = YES_ERROR;
				CLANG_WARN_EMPTY_BODY = YES;
				CLANG_WARN_ENUM_CONVERSION = YES;
				CLANG_WARN_INT_CONVERSION = YES;
				CLANG_WARN_OBJC_ROOT_CLASS = YES_ERROR;
				CLANG_WARN__DUPLICATE_METHOD_MATCH = YES;
				"CODE_SIGN_IDENTITY[sdk=iphoneos*]" = "iPhone Developer";
				COPY_PHASE_STRIP = YES;
				ENABLE_NS_ASSERTIONS = NO;
				GCC_C_LANGUAGE_STANDARD = gnu99;
				GCC_WARN_64_TO_32_BIT_CONVERSION = YES;
				GCC_WARN_ABOUT_RETURN_TYPE = YES_ERROR;
				GCC_WARN_UNDECLARED_SELECTOR = YES;
				GCC_WARN_UNINITIALIZED_AUTOS = YES_AGGRESSIVE;
				GCC_WARN_UNUSED_FUNCTION = YES;
				GCC_WARN_UNUSED_VARIABLE = YES;
				IPHONEOS_DEPLOYMENT_TARGET = 7.1;
				SDKROOT = iphoneos;
				VALIDATE_PRODUCT = YES;
			};
			name = Release;
		};
		8E40734C1985D52600A5FEFE /* Debug */ = {
			isa = XCBuildConfiguration;
			buildSettings = {
				ASSETCATALOG_COMPILER_APPICON_NAME = AppIcon;
				ASSETCATALOG_COMPILER_LAUNCHIMAGE_NAME = LaunchImage;
				GCC_PRECOMPILE_PREFIX_HEADER = YES;
				GCC_PREFIX_HEADER = "SeguesProduct/SeguesProduct-Prefix.pch";
				INFOPLIST_FILE = "SeguesProduct/SeguesProduct-Info.plist";
				PRODUCT_NAME = "$(TARGET_NAME)";
				WRAPPER_EXTENSION = app;
			};
			name = Debug;
		};
		8E40734D1985D52600A5FEFE /* Release */ = {
			isa = XCBuildConfiguration;
			buildSettings = {
				ASSETCATALOG_COMPILER_APPICON_NAME = AppIcon;
				ASSETCATALOG_COMPILER_LAUNCHIMAGE_NAME = LaunchImage;
				GCC_PRECOMPILE_PREFIX_HEADER = YES;
				GCC_PREFIX_HEADER = "SeguesProduct/SeguesProduct-Prefix.pch";
				INFOPLIST_FILE = "SeguesProduct/SeguesProduct-Info.plist";
				PRODUCT_NAME = "$(TARGET_NAME)";
				WRAPPER_EXTENSION = app;
			};
			name = Release;
		};
		8E40734F1985D52600A5FEFE /* Debug */ = {
			isa = XCBuildConfiguration;
			buildSettings = {
				BUNDLE_LOADER = "$(BUILT_PRODUCTS_DIR)/SeguesProduct.app/SeguesProduct";
				FRAMEWORK_SEARCH_PATHS = (
					"$(SDKROOT)/Developer/Library/Frameworks",
					"$(inherited)",
					"$(DEVELOPER_FRAMEWORKS_DIR)",
				);
				GCC_PRECOMPILE_PREFIX_HEADER = YES;
				GCC_PREFIX_HEADER = "SeguesProduct/SeguesProduct-Prefix.pch";
				GCC_PREPROCESSOR_DEFINITIONS = (
					"DEBUG=1",
					"$(inherited)",
				);
				INFOPLIST_FILE = "SeguesProductTests/SeguesProductTests-Info.plist";
				PRODUCT_NAME = "$(TARGET_NAME)";
				TEST_HOST = "$(BUNDLE_LOADER)";
				WRAPPER_EXTENSION = xctest;
			};
			name = Debug;
		};
		8E4073501985D52600A5FEFE /* Release */ = {
			isa = XCBuildConfiguration;
			buildSettings = {
				BUNDLE_LOADER = "$(BUILT_PRODUCTS_DIR)/SeguesProduct.app/SeguesProduct";
				FRAMEWORK_SEARCH_PATHS = (
					"$(SDKROOT)/Developer/Library/Frameworks",
					"$(inherited)",
					"$(DEVELOPER_FRAMEWORKS_DIR)",
				);
				GCC_PRECOMPILE_PREFIX_HEADER = YES;
				GCC_PREFIX_HEADER = "SeguesProduct/SeguesProduct-Prefix.pch";
				INFOPLIST_FILE = "SeguesProductTests/SeguesProductTests-Info.plist";
				PRODUCT_NAME = "$(TARGET_NAME)";
				TEST_HOST = "$(BUNDLE_LOADER)";
				WRAPPER_EXTENSION = xctest;
			};
			name = Release;
		};
/* End XCBuildConfiguration section */

/* Begin XCConfigurationList section */
		8E4073141985D52600A5FEFE /* Build configuration list for PBXProject "SeguesProduct" */ = {
			isa = XCConfigurationList;
			buildConfigurations = (
				8E4073491985D52600A5FEFE /* Debug */,
				8E40734A1985D52600A5FEFE /* Release */,
			);
			defaultConfigurationIsVisible = 0;
			defaultConfigurationName = Release;
		};
		8E40734B1985D52600A5FEFE /* Build configuration list for PBXNativeTarget "SeguesProduct" */ = {
			isa = XCConfigurationList;
			buildConfigurations = (
				8E40734C1985D52600A5FEFE /* Debug */,
				8E40734D1985D52600A5FEFE /* Release */,
			);
			defaultConfigurationIsVisible = 0;
		};
		8E40734E1985D52600A5FEFE /* Build configuration list for PBXNativeTarget "SeguesProductTests" */ = {
			isa = XCConfigurationList;
			buildConfigurations = (
				8E40734F1985D52600A5FEFE /* Debug */,
				8E4073501985D52600A5FEFE /* Release */,
			);
			defaultConfigurationIsVisible = 0;
		};
/* End XCConfigurationList section */
	};
	rootObject = 8E4073111985D52500A5FEFE /* Project object */;
}
